
Microsoft Visual Studio Solution File, Format Version 12.00
# Visual Studio Version 16
VisualStudioVersion = 16.0.31129.286
MinimumVisualStudioVersion = 10.0.40219.1
Project("{FAE04EC0-301F-11D3-BF4B-00C04F79EFBC}") = "App1.UWP", "App1\App1.UWP\App1.UWP.csproj", "{7F023484-7C0D-434B-8221-BAD8DAE376E8}"
EndProject
Project("{FAE04EC0-301F-11D3-BF4B-00C04F79EFBC}") = "App1.Android", "App1\App1.Android\App1.Android.csproj", "{C6740A3C-9BC3-4B83-AA55-B9C218FE2422}"
EndProject
Project("{FAE04EC0-301F-11D3-BF4B-00C04F79EFBC}") = "App1.iOS", "App1\App1.iOS\App1.iOS.csproj", "{37AEDCE1-7E9A-4DCB-934F-609C569C7D81}"
EndProject
Project("{9A19103F-16F7-4668-BE54-9A1E7A4F7556}") = "App1", "App1\App1\App1.csproj", "{991768A1-C1D0-4654-B369-3BD5CFE7C3D1}"
EndProject
Project("{FAE04EC0-301F-11D3-BF4B-00C04F79EFBC}") = "App2.Android", "App2\App2.Android\App2.Android.csproj", "{3B95605B-D915-4F2B-9F53-930AC02140A2}"
EndProject
Project("{FAE04EC0-301F-11D3-BF4B-00C04F79EFBC}") = "App2.iOS", "App2\App2.iOS\App2.iOS.csproj", "{3A4170D1-7DC8-49CF-9C22-6A05DD380D4C}"
EndProject
Project("{FAE04EC0-301F-11D3-BF4B-00C04F79EFBC}") = "App2", "App2\App2\App2.csproj", "{D3466061-09A9-4816-999B-573753C10E15}"
EndProject
Global
	GlobalSection(SolutionConfigurationPlatforms) = preSolution
		Debug|Any CPU = Debug|Any CPU
		Debug|ARM = Debug|ARM
		Debug|iPhone = Debug|iPhone
		Debug|iPhoneSimulator = Debug|iPhoneSimulator
		Debug|x64 = Debug|x64
		Debug|x86 = Debug|x86
		Release|Any CPU = Release|Any CPU
		Release|ARM = Release|ARM
		Release|iPhone = Release|iPhone
		Release|iPhoneSimulator = Release|iPhoneSimulator
		Release|x64 = Release|x64
		Release|x86 = Release|x86
	EndGlobalSection
	GlobalSection(ProjectConfigurationPlatforms) = postSolution
		{7F023484-7C0D-434B-8221-BAD8DAE376E8}.Debug|Any CPU.ActiveCfg = Debug|x86
		{7F023484-7C0D-434B-8221-BAD8DAE376E8}.Debug|Any CPU.Build.0 = Debug|x86
		{7F023484-7C0D-434B-8221-BAD8DAE376E8}.Debug|Any CPU.Deploy.0 = Debug|x86
		{7F023484-7C0D-434B-8221-BAD8DAE376E8}.Debug|ARM.ActiveCfg = Debug|ARM
		{7F023484-7C0D-434B-8221-BAD8DAE376E8}.Debug|ARM.Build.0 = Debug|ARM
		{7F023484-7C0D-434B-8221-BAD8DAE376E8}.Debug|ARM.Deploy.0 = Debug|ARM
		{7F023484-7C0D-434B-8221-BAD8DAE376E8}.Debug|iPhone.ActiveCfg = Debug|x86
		{7F023484-7C0D-434B-8221-BAD8DAE376E8}.Debug|iPhone.Build.0 = Debug|x86
		{7F023484-7C0D-434B-8221-BAD8DAE376E8}.Debug|iPhone.Deploy.0 = Debug|x86
		{7F023484-7C0D-434B-8221-BAD8DAE376E8}.Debug|iPhoneSimulator.ActiveCfg = Debug|x86
		{7F023484-7C0D-434B-8221-BAD8DAE376E8}.Debug|iPhoneSimulator.Build.0 = Debug|x86
		{7F023484-7C0D-434B-8221-BAD8DAE376E8}.Debug|iPhoneSimulator.Deploy.0 = Debug|x86
		{7F023484-7C0D-434B-8221-BAD8DAE376E8}.Debug|x64.ActiveCfg = Debug|x64
		{7F023484-7C0D-434B-8221-BAD8DAE376E8}.Debug|x64.Build.0 = Debug|x64
		{7F023484-7C0D-434B-8221-BAD8DAE376E8}.Debug|x64.Deploy.0 = Debug|x64
		{7F023484-7C0D-434B-8221-BAD8DAE376E8}.Debug|x86.ActiveCfg = Debug|x86
		{7F023484-7C0D-434B-8221-BAD8DAE376E8}.Debug|x86.Build.0 = Debug|x86
		{7F023484-7C0D-434B-8221-BAD8DAE376E8}.Debug|x86.Deploy.0 = Debug|x86
		{7F023484-7C0D-434B-8221-BAD8DAE376E8}.Release|Any CPU.ActiveCfg = Release|x86
		{7F023484-7C0D-434B-8221-BAD8DAE376E8}.Release|Any CPU.Build.0 = Release|x86
		{7F023484-7C0D-434B-8221-BAD8DAE376E8}.Release|Any CPU.Deploy.0 = Release|x86
		{7F023484-7C0D-434B-8221-BAD8DAE376E8}.Release|ARM.ActiveCfg = Release|ARM
		{7F023484-7C0D-434B-8221-BAD8DAE376E8}.Release|ARM.Build.0 = Release|ARM
		{7F023484-7C0D-434B-8221-BAD8DAE376E8}.Release|ARM.Deploy.0 = Release|ARM
		{7F023484-7C0D-434B-8221-BAD8DAE376E8}.Release|iPhone.ActiveCfg = Release|x86
		{7F023484-7C0D-434B-8221-BAD8DAE376E8}.Release|iPhone.Build.0 = Release|x86
		{7F023484-7C0D-434B-8221-BAD8DAE376E8}.Release|iPhone.Deploy.0 = Release|x86
		{7F023484-7C0D-434B-8221-BAD8DAE376E8}.Release|iPhoneSimulator.ActiveCfg = Release|x86
		{7F023484-7C0D-434B-8221-BAD8DAE376E8}.Release|iPhoneSimulator.Build.0 = Release|x86
		{7F023484-7C0D-434B-8221-BAD8DAE376E8}.Release|iPhoneSimulator.Deploy.0 = Release|x86
		{7F023484-7C0D-434B-8221-BAD8DAE376E8}.Release|x64.ActiveCfg = Release|x64
		{7F023484-7C0D-434B-8221-BAD8DAE376E8}.Release|x64.Build.0 = Release|x64
		{7F023484-7C0D-434B-8221-BAD8DAE376E8}.Release|x64.Deploy.0 = Release|x64
		{7F023484-7C0D-434B-8221-BAD8DAE376E8}.Release|x86.ActiveCfg = Release|x86
		{7F023484-7C0D-434B-8221-BAD8DAE376E8}.Release|x86.Build.0 = Release|x86
		{7F023484-7C0D-434B-8221-BAD8DAE376E8}.Release|x86.Deploy.0 = Release|x86
		{C6740A3C-9BC3-4B83-AA55-B9C218FE2422}.Debug|Any CPU.ActiveCfg = Debug|Any CPU
		{C6740A3C-9BC3-4B83-AA55-B9C218FE2422}.Debug|Any CPU.Build.0 = Debug|Any CPU
		{C6740A3C-9BC3-4B83-AA55-B9C218FE2422}.Debug|Any CPU.Deploy.0 = Debug|Any CPU
		{C6740A3C-9BC3-4B83-AA55-B9C218FE2422}.Debug|ARM.ActiveCfg = Debug|Any CPU
		{C6740A3C-9BC3-4B83-AA55-B9C218FE2422}.Debug|ARM.Build.0 = Debug|Any CPU
		{C6740A3C-9BC3-4B83-AA55-B9C218FE2422}.Debug|ARM.Deploy.0 = Debug|Any CPU
		{C6740A3C-9BC3-4B83-AA55-B9C218FE2422}.Debug|iPhone.ActiveCfg = Debug|Any CPU
		{C6740A3C-9BC3-4B83-AA55-B9C218FE2422}.Debug|iPhone.Build.0 = Debug|Any CPU
		{C6740A3C-9BC3-4B83-AA55-B9C218FE2422}.Debug|iPhone.Deploy.0 = Debug|Any CPU
		{C6740A3C-9BC3-4B83-AA55-B9C218FE2422}.Debug|iPhoneSimulator.ActiveCfg = Debug|Any CPU
		{C6740A3C-9BC3-4B83-AA55-B9C218FE2422}.Debug|iPhoneSimulator.Build.0 = Debug|Any CPU
		{C6740A3C-9BC3-4B83-AA55-B9C218FE2422}.Debug|iPhoneSimulator.Deploy.0 = Debug|Any CPU
		{C6740A3C-9BC3-4B83-AA55-B9C218FE2422}.Debug|x64.ActiveCfg = Debug|Any CPU
		{C6740A3C-9BC3-4B83-AA55-B9C218FE2422}.Debug|x64.Build.0 = Debug|Any CPU
		{C6740A3C-9BC3-4B83-AA55-B9C218FE2422}.Debug|x64.Deploy.0 = Debug|Any CPU
		{C6740A3C-9BC3-4B83-AA55-B9C218FE2422}.Debug|x86.ActiveCfg = Debug|Any CPU
		{C6740A3C-9BC3-4B83-AA55-B9C218FE2422}.Debug|x86.Build.0 = Debug|Any CPU
		{C6740A3C-9BC3-4B83-AA55-B9C218FE2422}.Debug|x86.Deploy.0 = Debug|Any CPU
		{C6740A3C-9BC3-4B83-AA55-B9C218FE2422}.Release|Any CPU.ActiveCfg = Release|Any CPU
		{C6740A3C-9BC3-4B83-AA55-B9C218FE2422}.Release|Any CPU.Build.0 = Release|Any CPU
		{C6740A3C-9BC3-4B83-AA55-B9C218FE2422}.Release|Any CPU.Deploy.0 = Release|Any CPU
		{C6740A3C-9BC3-4B83-AA55-B9C218FE2422}.Release|ARM.ActiveCfg = Release|Any CPU
		{C6740A3C-9BC3-4B83-AA55-B9C218FE2422}.Release|ARM.Build.0 = Release|Any CPU
		{C6740A3C-9BC3-4B83-AA55-B9C218FE2422}.Release|ARM.Deploy.0 = Release|Any CPU
		{C6740A3C-9BC3-4B83-AA55-B9C218FE2422}.Release|iPhone.ActiveCfg = Release|Any CPU
		{C6740A3C-9BC3-4B83-AA55-B9C218FE2422}.Release|iPhone.Build.0 = Release|Any CPU
		{C6740A3C-9BC3-4B83-AA55-B9C218FE2422}.Release|iPhone.Deploy.0 = Release|Any CPU
		{C6740A3C-9BC3-4B83-AA55-B9C218FE2422}.Release|iPhoneSimulator.ActiveCfg = Release|Any CPU
		{C6740A3C-9BC3-4B83-AA55-B9C218FE2422}.Release|iPhoneSimulator.Build.0 = Release|Any CPU
		{C6740A3C-9BC3-4B83-AA55-B9C218FE2422}.Release|iPhoneSimulator.Deploy.0 = Release|Any CPU
		{C6740A3C-9BC3-4B83-AA55-B9C218FE2422}.Release|x64.ActiveCfg = Release|Any CPU
		{C6740A3C-9BC3-4B83-AA55-B9C218FE2422}.Release|x64.Build.0 = Release|Any CPU
		{C6740A3C-9BC3-4B83-AA55-B9C218FE2422}.Release|x64.Deploy.0 = Release|Any CPU
		{C6740A3C-9BC3-4B83-AA55-B9C218FE2422}.Release|x86.ActiveCfg = Release|Any CPU
		{C6740A3C-9BC3-4B83-AA55-B9C218FE2422}.Release|x86.Build.0 = Release|Any CPU
		{C6740A3C-9BC3-4B83-AA55-B9C218FE2422}.Release|x86.Deploy.0 = Release|Any CPU
		{37AEDCE1-7E9A-4DCB-934F-609C569C7D81}.Debug|Any CPU.ActiveCfg = Debug|iPhoneSimulator
		{37AEDCE1-7E9A-4DCB-934F-609C569C7D81}.Debug|Any CPU.Build.0 = Debug|iPhoneSimulator
		{37AEDCE1-7E9A-4DCB-934F-609C569C7D81}.Debug|Any CPU.Deploy.0 = Debug|iPhoneSimulator
		{37AEDCE1-7E9A-4DCB-934F-609C569C7D81}.Debug|ARM.ActiveCfg = Debug|iPhone
		{37AEDCE1-7E9A-4DCB-934F-609C569C7D81}.Debug|ARM.Build.0 = Debug|iPhone
		{37AEDCE1-7E9A-4DCB-934F-609C569C7D81}.Debug|ARM.Deploy.0 = Debug|iPhone
		{37AEDCE1-7E9A-4DCB-934F-609C569C7D81}.Debug|iPhone.ActiveCfg = Debug|iPhone
		{37AEDCE1-7E9A-4DCB-934F-609C569C7D81}.Debug|iPhone.Build.0 = Debug|iPhone
		{37AEDCE1-7E9A-4DCB-934F-609C569C7D81}.Debug|iPhone.Deploy.0 = Debug|iPhone
		{37AEDCE1-7E9A-4DCB-934F-609C569C7D81}.Debug|iPhoneSimulator.ActiveCfg = Debug|iPhoneSimulator
		{37AEDCE1-7E9A-4DCB-934F-609C569C7D81}.Debug|iPhoneSimulator.Build.0 = Debug|iPhoneSimulator
		{37AEDCE1-7E9A-4DCB-934F-609C569C7D81}.Debug|iPhoneSimulator.Deploy.0 = Debug|iPhoneSimulator
		{37AEDCE1-7E9A-4DCB-934F-609C569C7D81}.Debug|x64.ActiveCfg = Debug|iPhoneSimulator
		{37AEDCE1-7E9A-4DCB-934F-609C569C7D81}.Debug|x64.Build.0 = Debug|iPhoneSimulator
		{37AEDCE1-7E9A-4DCB-934F-609C569C7D81}.Debug|x64.Deploy.0 = Debug|iPhoneSimulator
		{37AEDCE1-7E9A-4DCB-934F-609C569C7D81}.Debug|x86.ActiveCfg = Debug|iPhoneSimulator
		{37AEDCE1-7E9A-4DCB-934F-609C569C7D81}.Debug|x86.Build.0 = Debug|iPhoneSimulator
		{37AEDCE1-7E9A-4DCB-934F-609C569C7D81}.Debug|x86.Deploy.0 = Debug|iPhoneSimulator
		{37AEDCE1-7E9A-4DCB-934F-609C569C7D81}.Release|Any CPU.ActiveCfg = Release|iPhoneSimulator
		{37AEDCE1-7E9A-4DCB-934F-609C569C7D81}.Release|Any CPU.Build.0 = Release|iPhoneSimulator
		{37AEDCE1-7E9A-4DCB-934F-609C569C7D81}.Release|Any CPU.Deploy.0 = Release|iPhoneSimulator
		{37AEDCE1-7E9A-4DCB-934F-609C569C7D81}.Release|ARM.ActiveCfg = Release|iPhoneSimulator
		{37AEDCE1-7E9A-4DCB-934F-609C569C7D81}.Release|ARM.Build.0 = Release|iPhoneSimulator
		{37AEDCE1-7E9A-4DCB-934F-609C569C7D81}.Release|ARM.Deploy.0 = Release|iPhoneSimulator
		{37AEDCE1-7E9A-4DCB-934F-609C569C7D81}.Release|iPhone.ActiveCfg = Release|iPhone
		{37AEDCE1-7E9A-4DCB-934F-609C569C7D81}.Release|iPhone.Build.0 = Release|iPhone
		{37AEDCE1-7E9A-4DCB-934F-609C569C7D81}.Release|iPhone.Deploy.0 = Release|iPhone
		{37AEDCE1-7E9A-4DCB-934F-609C569C7D81}.Release|iPhoneSimulator.ActiveCfg = Release|iPhoneSimulator
		{37AEDCE1-7E9A-4DCB-934F-609C569C7D81}.Release|iPhoneSimulator.Build.0 = Release|iPhoneSimulator
		{37AEDCE1-7E9A-4DCB-934F-609C569C7D81}.Release|iPhoneSimulator.Deploy.0 = Release|iPhoneSimulator
		{37AEDCE1-7E9A-4DCB-934F-609C569C7D81}.Release|x64.ActiveCfg = Release|iPhoneSimulator
		{37AEDCE1-7E9A-4DCB-934F-609C569C7D81}.Release|x64.Build.0 = Release|iPhoneSimulator
		{37AEDCE1-7E9A-4DCB-934F-609C569C7D81}.Release|x64.Deploy.0 = Release|iPhoneSimulator
		{37AEDCE1-7E9A-4DCB-934F-609C569C7D81}.Release|x86.ActiveCfg = Release|iPhoneSimulator
		{37AEDCE1-7E9A-4DCB-934F-609C569C7D81}.Release|x86.Build.0 = Release|iPhoneSimulator
		{37AEDCE1-7E9A-4DCB-934F-609C569C7D81}.Release|x86.Deploy.0 = Release|iPhoneSimulator
		{991768A1-C1D0-4654-B369-3BD5CFE7C3D1}.Debug|Any CPU.ActiveCfg = Debug|Any CPU
		{991768A1-C1D0-4654-B369-3BD5CFE7C3D1}.Debug|Any CPU.Build.0 = Debug|Any CPU
		{991768A1-C1D0-4654-B369-3BD5CFE7C3D1}.Debug|Any CPU.Deploy.0 = Debug|Any CPU
		{991768A1-C1D0-4654-B369-3BD5CFE7C3D1}.Debug|ARM.ActiveCfg = Debug|Any CPU
		{991768A1-C1D0-4654-B369-3BD5CFE7C3D1}.Debug|ARM.Build.0 = Debug|Any CPU
		{991768A1-C1D0-4654-B369-3BD5CFE7C3D1}.Debug|ARM.Deploy.0 = Debug|Any CPU
		{991768A1-C1D0-4654-B369-3BD5CFE7C3D1}.Debug|iPhone.ActiveCfg = Debug|Any CPU
		{991768A1-C1D0-4654-B369-3BD5CFE7C3D1}.Debug|iPhone.Build.0 = Debug|Any CPU
		{991768A1-C1D0-4654-B369-3BD5CFE7C3D1}.Debug|iPhone.Deploy.0 = Debug|Any CPU
		{991768A1-C1D0-4654-B369-3BD5CFE7C3D1}.Debug|iPhoneSimulator.ActiveCfg = Debug|Any CPU
		{991768A1-C1D0-4654-B369-3BD5CFE7C3D1}.Debug|iPhoneSimulator.Build.0 = Debug|Any CPU
		{991768A1-C1D0-4654-B369-3BD5CFE7C3D1}.Debug|iPhoneSimulator.Deploy.0 = Debug|Any CPU
		{991768A1-C1D0-4654-B369-3BD5CFE7C3D1}.Debug|x64.ActiveCfg = Debug|Any CPU
		{991768A1-C1D0-4654-B369-3BD5CFE7C3D1}.Debug|x64.Build.0 = Debug|Any CPU
		{991768A1-C1D0-4654-B369-3BD5CFE7C3D1}.Debug|x64.Deploy.0 = Debug|Any CPU
		{991768A1-C1D0-4654-B369-3BD5CFE7C3D1}.Debug|x86.ActiveCfg = Debug|Any CPU
		{991768A1-C1D0-4654-B369-3BD5CFE7C3D1}.Debug|x86.Build.0 = Debug|Any CPU
		{991768A1-C1D0-4654-B369-3BD5CFE7C3D1}.Debug|x86.Deploy.0 = Debug|Any CPU
		{991768A1-C1D0-4654-B369-3BD5CFE7C3D1}.Release|Any CPU.ActiveCfg = Release|Any CPU
		{991768A1-C1D0-4654-B369-3BD5CFE7C3D1}.Release|Any CPU.Build.0 = Release|Any CPU
		{991768A1-C1D0-4654-B369-3BD5CFE7C3D1}.Release|Any CPU.Deploy.0 = Release|Any CPU
		{991768A1-C1D0-4654-B369-3BD5CFE7C3D1}.Release|ARM.ActiveCfg = Release|Any CPU
		{991768A1-C1D0-4654-B369-3BD5CFE7C3D1}.Release|ARM.Build.0 = Release|Any CPU
		{991768A1-C1D0-4654-B369-3BD5CFE7C3D1}.Release|ARM.Deploy.0 = Release|Any CPU
		{991768A1-C1D0-4654-B369-3BD5CFE7C3D1}.Release|iPhone.ActiveCfg = Release|Any CPU
		{991768A1-C1D0-4654-B369-3BD5CFE7C3D1}.Release|iPhone.Build.0 = Release|Any CPU
		{991768A1-C1D0-4654-B369-3BD5CFE7C3D1}.Release|iPhone.Deploy.0 = Release|Any CPU
		{991768A1-C1D0-4654-B369-3BD5CFE7C3D1}.Release|iPhoneSimulator.ActiveCfg = Release|Any CPU
		{991768A1-C1D0-4654-B369-3BD5CFE7C3D1}.Release|iPhoneSimulator.Build.0 = Release|Any CPU
		{991768A1-C1D0-4654-B369-3BD5CFE7C3D1}.Release|iPhoneSimulator.Deploy.0 = Release|Any CPU
		{991768A1-C1D0-4654-B369-3BD5CFE7C3D1}.Release|x64.ActiveCfg = Release|Any CPU
		{991768A1-C1D0-4654-B369-3BD5CFE7C3D1}.Release|x64.Build.0 = Release|Any CPU
		{991768A1-C1D0-4654-B369-3BD5CFE7C3D1}.Release|x64.Deploy.0 = Release|Any CPU
		{991768A1-C1D0-4654-B369-3BD5CFE7C3D1}.Release|x86.ActiveCfg = Release|Any CPU
		{991768A1-C1D0-4654-B369-3BD5CFE7C3D1}.Release|x86.Build.0 = Release|Any CPU
		{991768A1-C1D0-4654-B369-3BD5CFE7C3D1}.Release|x86.Deploy.0 = Release|Any CPU
		{3B95605B-D915-4F2B-9F53-930AC02140A2}.Debug|Any CPU.ActiveCfg = Debug|Any CPU
		{3B95605B-D915-4F2B-9F53-930AC02140A2}.Debug|Any CPU.Build.0 = Debug|Any CPU
		{3B95605B-D915-4F2B-9F53-930AC02140A2}.Debug|Any CPU.Deploy.0 = Debug|Any CPU
		{3B95605B-D915-4F2B-9F53-930AC02140A2}.Debug|ARM.ActiveCfg = Debug|Any CPU
		{3B95605B-D915-4F2B-9F53-930AC02140A2}.Debug|ARM.Build.0 = Debug|Any CPU
		{3B95605B-D915-4F2B-9F53-930AC02140A2}.Debug|ARM.Deploy.0 = Debug|Any CPU
		{3B95605B-D915-4F2B-9F53-930AC02140A2}.Debug|iPhone.ActiveCfg = Debug|Any CPU
		{3B95605B-D915-4F2B-9F53-930AC02140A2}.Debug|iPhone.Build.0 = Debug|Any CPU
		{3B95605B-D915-4F2B-9F53-930AC02140A2}.Debug|iPhone.Deploy.0 = Debug|Any CPU
		{3B95605B-D915-4F2B-9F53-930AC02140A2}.Debug|iPhoneSimulator.ActiveCfg = Debug|Any CPU
		{3B95605B-D915-4F2B-9F53-930AC02140A2}.Debug|iPhoneSimulator.Build.0 = Debug|Any CPU
		{3B95605B-D915-4F2B-9F53-930AC02140A2}.Debug|iPhoneSimulator.Deploy.0 = Debug|Any CPU
		{3B95605B-D915-4F2B-9F53-930AC02140A2}.Debug|x64.ActiveCfg = Debug|Any CPU
		{3B95605B-D915-4F2B-9F53-930AC02140A2}.Debug|x64.Build.0 = Debug|Any CPU
		{3B95605B-D915-4F2B-9F53-930AC02140A2}.Debug|x64.Deploy.0 = Debug|Any CPU
		{3B95605B-D915-4F2B-9F53-930AC02140A2}.Debug|x86.ActiveCfg = Debug|Any CPU
		{3B95605B-D915-4F2B-9F53-930AC02140A2}.Debug|x86.Build.0 = Debug|Any CPU
		{3B95605B-D915-4F2B-9F53-930AC02140A2}.Debug|x86.Deploy.0 = Debug|Any CPU
		{3B95605B-D915-4F2B-9F53-930AC02140A2}.Release|Any CPU.ActiveCfg = Release|Any CPU
		{3B95605B-D915-4F2B-9F53-930AC02140A2}.Release|Any CPU.Build.0 = Release|Any CPU
		{3B95605B-D915-4F2B-9F53-930AC02140A2}.Release|Any CPU.Deploy.0 = Release|Any CPU
		{3B95605B-D915-4F2B-9F53-930AC02140A2}.Release|ARM.ActiveCfg = Release|Any CPU
		{3B95605B-D915-4F2B-9F53-930AC02140A2}.Release|ARM.Build.0 = Release|Any CPU
		{3B95605B-D915-4F2B-9F53-930AC02140A2}.Release|ARM.Deploy.0 = Release|Any CPU
		{3B95605B-D915-4F2B-9F53-930AC02140A2}.Release|iPhone.ActiveCfg = Release|Any CPU
		{3B95605B-D915-4F2B-9F53-930AC02140A2}.Release|iPhone.Build.0 = Release|Any CPU
		{3B95605B-D915-4F2B-9F53-930AC02140A2}.Release|iPhone.Deploy.0 = Release|Any CPU
		{3B95605B-D915-4F2B-9F53-930AC02140A2}.Release|iPhoneSimulator.ActiveCfg = Release|Any CPU
		{3B95605B-D915-4F2B-9F53-930AC02140A2}.Release|iPhoneSimulator.Build.0 = Release|Any CPU
		{3B95605B-D915-4F2B-9F53-930AC02140A2}.Release|iPhoneSimulator.Deploy.0 = Release|Any CPU
		{3B95605B-D915-4F2B-9F53-930AC02140A2}.Release|x64.ActiveCfg = Release|Any CPU
		{3B95605B-D915-4F2B-9F53-930AC02140A2}.Release|x64.Build.0 = Release|Any CPU
		{3B95605B-D915-4F2B-9F53-930AC02140A2}.Release|x64.Deploy.0 = Release|Any CPU
		{3B95605B-D915-4F2B-9F53-930AC02140A2}.Release|x86.ActiveCfg = Release|Any CPU
		{3B95605B-D915-4F2B-9F53-930AC02140A2}.Release|x86.Build.0 = Release|Any CPU
		{3B95605B-D915-4F2B-9F53-930AC02140A2}.Release|x86.Deploy.0 = Release|Any CPU
		{3A4170D1-7DC8-49CF-9C22-6A05DD380D4C}.Debug|Any CPU.ActiveCfg = Debug|iPhoneSimulator
		{3A4170D1-7DC8-49CF-9C22-6A05DD380D4C}.Debug|ARM.ActiveCfg = Debug|iPhoneSimulator
		{3A4170D1-7DC8-49CF-9C22-6A05DD380D4C}.Debug|iPhone.ActiveCfg = Debug|iPhone
		{3A4170D1-7DC8-49CF-9C22-6A05DD380D4C}.Debug|iPhone.Build.0 = Debug|iPhone
		{3A4170D1-7DC8-49CF-9C22-6A05DD380D4C}.Debug|iPhoneSimulator.ActiveCfg = Debug|iPhoneSimulator
		{3A4170D1-7DC8-49CF-9C22-6A05DD380D4C}.Debug|iPhoneSimulator.Build.0 = Debug|iPhoneSimulator
		{3A4170D1-7DC8-49CF-9C22-6A05DD380D4C}.Debug|x64.ActiveCfg = Debug|iPhoneSimulator
		{3A4170D1-7DC8-49CF-9C22-6A05DD380D4C}.Debug|x86.ActiveCfg = Debug|iPhoneSimulator
		{3A4170D1-7DC8-49CF-9C22-6A05DD380D4C}.Release|Any CPU.ActiveCfg = Release|iPhoneSimulator
		{3A4170D1-7DC8-49CF-9C22-6A05DD380D4C}.Release|ARM.ActiveCfg = Release|iPhoneSimulator
		{3A4170D1-7DC8-49CF-9C22-6A05DD380D4C}.Release|iPhone.ActiveCfg = Release|iPhone
		{3A4170D1-7DC8-49CF-9C22-6A05DD380D4C}.Release|iPhone.Build.0 = Release|iPhone
		{3A4170D1-7DC8-49CF-9C22-6A05DD380D4C}.Release|iPhoneSimulator.ActiveCfg = Release|iPhoneSimulator
		{3A4170D1-7DC8-49CF-9C22-6A05DD380D4C}.Release|iPhoneSimulator.Build.0 = Release|iPhoneSimulator
		{3A4170D1-7DC8-49CF-9C22-6A05DD380D4C}.Release|x64.ActiveCfg = Release|iPhoneSimulator
		{3A4170D1-7DC8-49CF-9C22-6A05DD380D4C}.Release|x86.ActiveCfg = Release|iPhoneSimulator
		{D3466061-09A9-4816-999B-573753C10E15}.Debug|Any CPU.ActiveCfg = Debug|Any CPU
		{D3466061-09A9-4816-999B-573753C10E15}.Debug|Any CPU.Build.0 = Debug|Any CPU
		{D3466061-09A9-4816-999B-573753C10E15}.Debug|ARM.ActiveCfg = Debug|Any CPU
		{D3466061-09A9-4816-999B-573753C10E15}.Debug|ARM.Build.0 = Debug|Any CPU
		{D3466061-09A9-4816-999B-573753C10E15}.Debug|iPhone.ActiveCfg = Debug|Any CPU
		{D3466061-09A9-4816-999B-573753C10E15}.Debug|iPhone.Build.0 = Debug|Any CPU
		{D3466061-09A9-4816-999B-573753C10E15}.Debug|iPhoneSimulator.ActiveCfg = Debug|Any CPU
		{D3466061-09A9-4816-999B-573753C10E15}.Debug|iPhoneSimulator.Build.0 = Debug|Any CPU
		{D3466061-09A9-4816-999B-573753C10E15}.Debug|x64.ActiveCfg = Debug|Any CPU
		{D3466061-09A9-4816-999B-573753C10E15}.Debug|x64.Build.0 = Debug|Any CPU
		{D3466061-09A9-4816-999B-573753C10E15}.Debug|x86.ActiveCfg = Debug|Any CPU
		{D3466061-09A9-4816-999B-573753C10E15}.Debug|x86.Build.0 = Debug|Any CPU
		{D3466061-09A9-4816-999B-573753C10E15}.Release|Any CPU.ActiveCfg = Release|Any CPU
		{D3466061-09A9-4816-999B-573753C10E15}.Release|Any CPU.Build.0 = Release|Any CPU
		{D3466061-09A9-4816-999B-573753C10E15}.Release|ARM.ActiveCfg = Release|Any CPU
		{D3466061-09A9-4816-999B-573753C10E15}.Release|ARM.Build.0 = Release|Any CPU
		{D3466061-09A9-4816-999B-573753C10E15}.Release|iPhone.ActiveCfg = Release|Any CPU
		{D3466061-09A9-4816-999B-573753C10E15}.Release|iPhone.Build.0 = Release|Any CPU
		{D3466061-09A9-4816-999B-573753C10E15}.Release|iPhoneSimulator.ActiveCfg = Release|Any CPU
		{D3466061-09A9-4816-999B-573753C10E15}.Release|iPhoneSimulator.Build.0 = Release|Any CPU
		{D3466061-09A9-4816-999B-573753C10E15}.Release|x64.ActiveCfg = Release|Any CPU
		{D3466061-09A9-4816-999B-573753C10E15}.Release|x64.Build.0 = Release|Any CPU
		{D3466061-09A9-4816-999B-573753C10E15}.Release|x86.ActiveCfg = Release|Any CPU
		{D3466061-09A9-4816-999B-573753C10E15}.Release|x86.Build.0 = Release|Any CPU
	EndGlobalSection
	GlobalSection(SolutionProperties) = preSolution
		HideSolutionNode = FALSE
	EndGlobalSection
	GlobalSection(ExtensibilityGlobals) = postSolution
		SolutionGuid = {1B74B5B6-7C8A-46E2-A391-77E78E10B485}
	EndGlobalSection
EndGlobal
