
Microsoft Visual Studio Solution File, Format Version 12.00
# Visual Studio Version 16
VisualStudioVersion = 16.0.31129.286
MinimumVisualStudioVersion = 10.0.40219.1
Project("{FAE04EC0-301F-11D3-BF4B-00C04F79EFBC}") = "App1.Android", "App1\App1.Android\App1.Android.csproj", "{C6740A3C-9BC3-4B83-AA55-B9C218FE2422}"
EndProject
Project("{9A19103F-16F7-4668-BE54-9A1E7A4F7556}") = "App1", "App1\App1\App1.csproj", "{991768A1-C1D0-4654-B369-3BD5CFE7C3D1}"
EndProject
Project("{FAE04EC0-301F-11D3-BF4B-00C04F79EFBC}") = "AppNavigation.Android", "..\AppNavigation\AppNavigation\AppNavigation.Android\AppNavigation.Android.csproj", "{8C2DEED9-57D2-445F-A894-4D2DCBBF5FBF}"
EndProject
Project("{9A19103F-16F7-4668-BE54-9A1E7A4F7556}") = "AppNavigation", "..\AppNavigation\AppNavigation\AppNavigation\AppNavigation.csproj", "{F26D7225-FAE0-4512-B736-81AF642573EF}"
EndProject
Project("{FAE04EC0-301F-11D3-BF4B-00C04F79EFBC}") = "AppShell.Android", "AppShell\AppShell.Android\AppShell.Android.csproj", "{55AB3625-FE2F-49D0-9E9A-374C95BDB98A}"
EndProject
Project("{FAE04EC0-301F-11D3-BF4B-00C04F79EFBC}") = "AppShell", "AppShell\AppShell\AppShell.csproj", "{715784C8-ED80-436F-8249-0B7FD020D8F5}"
EndProject
Global
	GlobalSection(SolutionConfigurationPlatforms) = preSolution
		Debug|Any CPU = Debug|Any CPU
		Debug|ARM = Debug|ARM
		Debug|iPhone = Debug|iPhone
		Debug|iPhoneSimulator = Debug|iPhoneSimulator
		Debug|x64 = Debug|x64
		Debug|x86 = Debug|x86
		Release|Any CPU = Release|Any CPU
		Release|ARM = Release|ARM
		Release|iPhone = Release|iPhone
		Release|iPhoneSimulator = Release|iPhoneSimulator
		Release|x64 = Release|x64
		Release|x86 = Release|x86
	EndGlobalSection
	GlobalSection(ProjectConfigurationPlatforms) = postSolution
		{C6740A3C-9BC3-4B83-AA55-B9C218FE2422}.Debug|Any CPU.ActiveCfg = Debug|Any CPU
		{C6740A3C-9BC3-4B83-AA55-B9C218FE2422}.Debug|Any CPU.Build.0 = Debug|Any CPU
		{C6740A3C-9BC3-4B83-AA55-B9C218FE2422}.Debug|Any CPU.Deploy.0 = Debug|Any CPU
		{C6740A3C-9BC3-4B83-AA55-B9C218FE2422}.Debug|ARM.ActiveCfg = Debug|Any CPU
		{C6740A3C-9BC3-4B83-AA55-B9C218FE2422}.Debug|ARM.Build.0 = Debug|Any CPU
		{C6740A3C-9BC3-4B83-AA55-B9C218FE2422}.Debug|ARM.Deploy.0 = Debug|Any CPU
		{C6740A3C-9BC3-4B83-AA55-B9C218FE2422}.Debug|iPhone.ActiveCfg = Debug|Any CPU
		{C6740A3C-9BC3-4B83-AA55-B9C218FE2422}.Debug|iPhone.Build.0 = Debug|Any CPU
		{C6740A3C-9BC3-4B83-AA55-B9C218FE2422}.Debug|iPhone.Deploy.0 = Debug|Any CPU
		{C6740A3C-9BC3-4B83-AA55-B9C218FE2422}.Debug|iPhoneSimulator.ActiveCfg = Debug|Any CPU
		{C6740A3C-9BC3-4B83-AA55-B9C218FE2422}.Debug|iPhoneSimulator.Build.0 = Debug|Any CPU
		{C6740A3C-9BC3-4B83-AA55-B9C218FE2422}.Debug|iPhoneSimulator.Deploy.0 = Debug|Any CPU
		{C6740A3C-9BC3-4B83-AA55-B9C218FE2422}.Debug|x64.ActiveCfg = Debug|Any CPU
		{C6740A3C-9BC3-4B83-AA55-B9C218FE2422}.Debug|x64.Build.0 = Debug|Any CPU
		{C6740A3C-9BC3-4B83-AA55-B9C218FE2422}.Debug|x64.Deploy.0 = Debug|Any CPU
		{C6740A3C-9BC3-4B83-AA55-B9C218FE2422}.Debug|x86.ActiveCfg = Debug|Any CPU
		{C6740A3C-9BC3-4B83-AA55-B9C218FE2422}.Debug|x86.Build.0 = Debug|Any CPU
		{C6740A3C-9BC3-4B83-AA55-B9C218FE2422}.Debug|x86.Deploy.0 = Debug|Any CPU
		{C6740A3C-9BC3-4B83-AA55-B9C218FE2422}.Release|Any CPU.ActiveCfg = Release|Any CPU
		{C6740A3C-9BC3-4B83-AA55-B9C218FE2422}.Release|Any CPU.Build.0 = Release|Any CPU
		{C6740A3C-9BC3-4B83-AA55-B9C218FE2422}.Release|Any CPU.Deploy.0 = Release|Any CPU
		{C6740A3C-9BC3-4B83-AA55-B9C218FE2422}.Release|ARM.ActiveCfg = Release|Any CPU
		{C6740A3C-9BC3-4B83-AA55-B9C218FE2422}.Release|ARM.Build.0 = Release|Any CPU
		{C6740A3C-9BC3-4B83-AA55-B9C218FE2422}.Release|ARM.Deploy.0 = Release|Any CPU
		{C6740A3C-9BC3-4B83-AA55-B9C218FE2422}.Release|iPhone.ActiveCfg = Release|Any CPU
		{C6740A3C-9BC3-4B83-AA55-B9C218FE2422}.Release|iPhone.Build.0 = Release|Any CPU
		{C6740A3C-9BC3-4B83-AA55-B9C218FE2422}.Release|iPhone.Deploy.0 = Release|Any CPU
		{C6740A3C-9BC3-4B83-AA55-B9C218FE2422}.Release|iPhoneSimulator.ActiveCfg = Release|Any CPU
		{C6740A3C-9BC3-4B83-AA55-B9C218FE2422}.Release|iPhoneSimulator.Build.0 = Release|Any CPU
		{C6740A3C-9BC3-4B83-AA55-B9C218FE2422}.Release|iPhoneSimulator.Deploy.0 = Release|Any CPU
		{C6740A3C-9BC3-4B83-AA55-B9C218FE2422}.Release|x64.ActiveCfg = Release|Any CPU
		{C6740A3C-9BC3-4B83-AA55-B9C218FE2422}.Release|x64.Build.0 = Release|Any CPU
		{C6740A3C-9BC3-4B83-AA55-B9C218FE2422}.Release|x64.Deploy.0 = Release|Any CPU
		{C6740A3C-9BC3-4B83-AA55-B9C218FE2422}.Release|x86.ActiveCfg = Release|Any CPU
		{C6740A3C-9BC3-4B83-AA55-B9C218FE2422}.Release|x86.Build.0 = Release|Any CPU
		{C6740A3C-9BC3-4B83-AA55-B9C218FE2422}.Release|x86.Deploy.0 = Release|Any CPU
		{991768A1-C1D0-4654-B369-3BD5CFE7C3D1}.Debug|Any CPU.ActiveCfg = Debug|Any CPU
		{991768A1-C1D0-4654-B369-3BD5CFE7C3D1}.Debug|Any CPU.Build.0 = Debug|Any CPU
		{991768A1-C1D0-4654-B369-3BD5CFE7C3D1}.Debug|Any CPU.Deploy.0 = Debug|Any CPU
		{991768A1-C1D0-4654-B369-3BD5CFE7C3D1}.Debug|ARM.ActiveCfg = Debug|Any CPU
		{991768A1-C1D0-4654-B369-3BD5CFE7C3D1}.Debug|ARM.Build.0 = Debug|Any CPU
		{991768A1-C1D0-4654-B369-3BD5CFE7C3D1}.Debug|ARM.Deploy.0 = Debug|Any CPU
		{991768A1-C1D0-4654-B369-3BD5CFE7C3D1}.Debug|iPhone.ActiveCfg = Debug|Any CPU
		{991768A1-C1D0-4654-B369-3BD5CFE7C3D1}.Debug|iPhone.Build.0 = Debug|Any CPU
		{991768A1-C1D0-4654-B369-3BD5CFE7C3D1}.Debug|iPhone.Deploy.0 = Debug|Any CPU
		{991768A1-C1D0-4654-B369-3BD5CFE7C3D1}.Debug|iPhoneSimulator.ActiveCfg = Debug|Any CPU
		{991768A1-C1D0-4654-B369-3BD5CFE7C3D1}.Debug|iPhoneSimulator.Build.0 = Debug|Any CPU
		{991768A1-C1D0-4654-B369-3BD5CFE7C3D1}.Debug|iPhoneSimulator.Deploy.0 = Debug|Any CPU
		{991768A1-C1D0-4654-B369-3BD5CFE7C3D1}.Debug|x64.ActiveCfg = Debug|Any CPU
		{991768A1-C1D0-4654-B369-3BD5CFE7C3D1}.Debug|x64.Build.0 = Debug|Any CPU
		{991768A1-C1D0-4654-B369-3BD5CFE7C3D1}.Debug|x64.Deploy.0 = Debug|Any CPU
		{991768A1-C1D0-4654-B369-3BD5CFE7C3D1}.Debug|x86.ActiveCfg = Debug|Any CPU
		{991768A1-C1D0-4654-B369-3BD5CFE7C3D1}.Debug|x86.Build.0 = Debug|Any CPU
		{991768A1-C1D0-4654-B369-3BD5CFE7C3D1}.Debug|x86.Deploy.0 = Debug|Any CPU
		{991768A1-C1D0-4654-B369-3BD5CFE7C3D1}.Release|Any CPU.ActiveCfg = Release|Any CPU
		{991768A1-C1D0-4654-B369-3BD5CFE7C3D1}.Release|Any CPU.Build.0 = Release|Any CPU
		{991768A1-C1D0-4654-B369-3BD5CFE7C3D1}.Release|Any CPU.Deploy.0 = Release|Any CPU
		{991768A1-C1D0-4654-B369-3BD5CFE7C3D1}.Release|ARM.ActiveCfg = Release|Any CPU
		{991768A1-C1D0-4654-B369-3BD5CFE7C3D1}.Release|ARM.Build.0 = Release|Any CPU
		{991768A1-C1D0-4654-B369-3BD5CFE7C3D1}.Release|ARM.Deploy.0 = Release|Any CPU
		{991768A1-C1D0-4654-B369-3BD5CFE7C3D1}.Release|iPhone.ActiveCfg = Release|Any CPU
		{991768A1-C1D0-4654-B369-3BD5CFE7C3D1}.Release|iPhone.Build.0 = Release|Any CPU
		{991768A1-C1D0-4654-B369-3BD5CFE7C3D1}.Release|iPhone.Deploy.0 = Release|Any CPU
		{991768A1-C1D0-4654-B369-3BD5CFE7C3D1}.Release|iPhoneSimulator.ActiveCfg = Release|Any CPU
		{991768A1-C1D0-4654-B369-3BD5CFE7C3D1}.Release|iPhoneSimulator.Build.0 = Release|Any CPU
		{991768A1-C1D0-4654-B369-3BD5CFE7C3D1}.Release|iPhoneSimulator.Deploy.0 = Release|Any CPU
		{991768A1-C1D0-4654-B369-3BD5CFE7C3D1}.Release|x64.ActiveCfg = Release|Any CPU
		{991768A1-C1D0-4654-B369-3BD5CFE7C3D1}.Release|x64.Build.0 = Release|Any CPU
		{991768A1-C1D0-4654-B369-3BD5CFE7C3D1}.Release|x64.Deploy.0 = Release|Any CPU
		{991768A1-C1D0-4654-B369-3BD5CFE7C3D1}.Release|x86.ActiveCfg = Release|Any CPU
		{991768A1-C1D0-4654-B369-3BD5CFE7C3D1}.Release|x86.Build.0 = Release|Any CPU
		{991768A1-C1D0-4654-B369-3BD5CFE7C3D1}.Release|x86.Deploy.0 = Release|Any CPU
		{8C2DEED9-57D2-445F-A894-4D2DCBBF5FBF}.Debug|Any CPU.ActiveCfg = Debug|Any CPU
		{8C2DEED9-57D2-445F-A894-4D2DCBBF5FBF}.Debug|Any CPU.Build.0 = Debug|Any CPU
		{8C2DEED9-57D2-445F-A894-4D2DCBBF5FBF}.Debug|Any CPU.Deploy.0 = Debug|Any CPU
		{8C2DEED9-57D2-445F-A894-4D2DCBBF5FBF}.Debug|ARM.ActiveCfg = Debug|Any CPU
		{8C2DEED9-57D2-445F-A894-4D2DCBBF5FBF}.Debug|ARM.Build.0 = Debug|Any CPU
		{8C2DEED9-57D2-445F-A894-4D2DCBBF5FBF}.Debug|ARM.Deploy.0 = Debug|Any CPU
		{8C2DEED9-57D2-445F-A894-4D2DCBBF5FBF}.Debug|iPhone.ActiveCfg = Debug|Any CPU
		{8C2DEED9-57D2-445F-A894-4D2DCBBF5FBF}.Debug|iPhone.Build.0 = Debug|Any CPU
		{8C2DEED9-57D2-445F-A894-4D2DCBBF5FBF}.Debug|iPhone.Deploy.0 = Debug|Any CPU
		{8C2DEED9-57D2-445F-A894-4D2DCBBF5FBF}.Debug|iPhoneSimulator.ActiveCfg = Debug|Any CPU
		{8C2DEED9-57D2-445F-A894-4D2DCBBF5FBF}.Debug|iPhoneSimulator.Build.0 = Debug|Any CPU
		{8C2DEED9-57D2-445F-A894-4D2DCBBF5FBF}.Debug|iPhoneSimulator.Deploy.0 = Debug|Any CPU
		{8C2DEED9-57D2-445F-A894-4D2DCBBF5FBF}.Debug|x64.ActiveCfg = Debug|Any CPU
		{8C2DEED9-57D2-445F-A894-4D2DCBBF5FBF}.Debug|x64.Build.0 = Debug|Any CPU
		{8C2DEED9-57D2-445F-A894-4D2DCBBF5FBF}.Debug|x64.Deploy.0 = Debug|Any CPU
		{8C2DEED9-57D2-445F-A894-4D2DCBBF5FBF}.Debug|x86.ActiveCfg = Debug|Any CPU
		{8C2DEED9-57D2-445F-A894-4D2DCBBF5FBF}.Debug|x86.Build.0 = Debug|Any CPU
		{8C2DEED9-57D2-445F-A894-4D2DCBBF5FBF}.Debug|x86.Deploy.0 = Debug|Any CPU
		{8C2DEED9-57D2-445F-A894-4D2DCBBF5FBF}.Release|Any CPU.ActiveCfg = Release|Any CPU
		{8C2DEED9-57D2-445F-A894-4D2DCBBF5FBF}.Release|Any CPU.Build.0 = Release|Any CPU
		{8C2DEED9-57D2-445F-A894-4D2DCBBF5FBF}.Release|Any CPU.Deploy.0 = Release|Any CPU
		{8C2DEED9-57D2-445F-A894-4D2DCBBF5FBF}.Release|ARM.ActiveCfg = Release|Any CPU
		{8C2DEED9-57D2-445F-A894-4D2DCBBF5FBF}.Release|ARM.Build.0 = Release|Any CPU
		{8C2DEED9-57D2-445F-A894-4D2DCBBF5FBF}.Release|ARM.Deploy.0 = Release|Any CPU
		{8C2DEED9-57D2-445F-A894-4D2DCBBF5FBF}.Release|iPhone.ActiveCfg = Release|Any CPU
		{8C2DEED9-57D2-445F-A894-4D2DCBBF5FBF}.Release|iPhone.Build.0 = Release|Any CPU
		{8C2DEED9-57D2-445F-A894-4D2DCBBF5FBF}.Release|iPhone.Deploy.0 = Release|Any CPU
		{8C2DEED9-57D2-445F-A894-4D2DCBBF5FBF}.Release|iPhoneSimulator.ActiveCfg = Release|Any CPU
		{8C2DEED9-57D2-445F-A894-4D2DCBBF5FBF}.Release|iPhoneSimulator.Build.0 = Release|Any CPU
		{8C2DEED9-57D2-445F-A894-4D2DCBBF5FBF}.Release|iPhoneSimulator.Deploy.0 = Release|Any CPU
		{8C2DEED9-57D2-445F-A894-4D2DCBBF5FBF}.Release|x64.ActiveCfg = Release|Any CPU
		{8C2DEED9-57D2-445F-A894-4D2DCBBF5FBF}.Release|x64.Build.0 = Release|Any CPU
		{8C2DEED9-57D2-445F-A894-4D2DCBBF5FBF}.Release|x64.Deploy.0 = Release|Any CPU
		{8C2DEED9-57D2-445F-A894-4D2DCBBF5FBF}.Release|x86.ActiveCfg = Release|Any CPU
		{8C2DEED9-57D2-445F-A894-4D2DCBBF5FBF}.Release|x86.Build.0 = Release|Any CPU
		{8C2DEED9-57D2-445F-A894-4D2DCBBF5FBF}.Release|x86.Deploy.0 = Release|Any CPU
		{F26D7225-FAE0-4512-B736-81AF642573EF}.Debug|Any CPU.ActiveCfg = Debug|Any CPU
		{F26D7225-FAE0-4512-B736-81AF642573EF}.Debug|Any CPU.Build.0 = Debug|Any CPU
		{F26D7225-FAE0-4512-B736-81AF642573EF}.Debug|ARM.ActiveCfg = Debug|Any CPU
		{F26D7225-FAE0-4512-B736-81AF642573EF}.Debug|ARM.Build.0 = Debug|Any CPU
		{F26D7225-FAE0-4512-B736-81AF642573EF}.Debug|iPhone.ActiveCfg = Debug|Any CPU
		{F26D7225-FAE0-4512-B736-81AF642573EF}.Debug|iPhone.Build.0 = Debug|Any CPU
		{F26D7225-FAE0-4512-B736-81AF642573EF}.Debug|iPhoneSimulator.ActiveCfg = Debug|Any CPU
		{F26D7225-FAE0-4512-B736-81AF642573EF}.Debug|iPhoneSimulator.Build.0 = Debug|Any CPU
		{F26D7225-FAE0-4512-B736-81AF642573EF}.Debug|x64.ActiveCfg = Debug|Any CPU
		{F26D7225-FAE0-4512-B736-81AF642573EF}.Debug|x64.Build.0 = Debug|Any CPU
		{F26D7225-FAE0-4512-B736-81AF642573EF}.Debug|x86.ActiveCfg = Debug|Any CPU
		{F26D7225-FAE0-4512-B736-81AF642573EF}.Debug|x86.Build.0 = Debug|Any CPU
		{F26D7225-FAE0-4512-B736-81AF642573EF}.Release|Any CPU.ActiveCfg = Release|Any CPU
		{F26D7225-FAE0-4512-B736-81AF642573EF}.Release|Any CPU.Build.0 = Release|Any CPU
		{F26D7225-FAE0-4512-B736-81AF642573EF}.Release|ARM.ActiveCfg = Release|Any CPU
		{F26D7225-FAE0-4512-B736-81AF642573EF}.Release|ARM.Build.0 = Release|Any CPU
		{F26D7225-FAE0-4512-B736-81AF642573EF}.Release|iPhone.ActiveCfg = Release|Any CPU
		{F26D7225-FAE0-4512-B736-81AF642573EF}.Release|iPhone.Build.0 = Release|Any CPU
		{F26D7225-FAE0-4512-B736-81AF642573EF}.Release|iPhoneSimulator.ActiveCfg = Release|Any CPU
		{F26D7225-FAE0-4512-B736-81AF642573EF}.Release|iPhoneSimulator.Build.0 = Release|Any CPU
		{F26D7225-FAE0-4512-B736-81AF642573EF}.Release|x64.ActiveCfg = Release|Any CPU
		{F26D7225-FAE0-4512-B736-81AF642573EF}.Release|x64.Build.0 = Release|Any CPU
		{F26D7225-FAE0-4512-B736-81AF642573EF}.Release|x86.ActiveCfg = Release|Any CPU
		{F26D7225-FAE0-4512-B736-81AF642573EF}.Release|x86.Build.0 = Release|Any CPU
		{55AB3625-FE2F-49D0-9E9A-374C95BDB98A}.Debug|Any CPU.ActiveCfg = Debug|Any CPU
		{55AB3625-FE2F-49D0-9E9A-374C95BDB98A}.Debug|Any CPU.Build.0 = Debug|Any CPU
		{55AB3625-FE2F-49D0-9E9A-374C95BDB98A}.Debug|Any CPU.Deploy.0 = Debug|Any CPU
		{55AB3625-FE2F-49D0-9E9A-374C95BDB98A}.Debug|ARM.ActiveCfg = Debug|Any CPU
		{55AB3625-FE2F-49D0-9E9A-374C95BDB98A}.Debug|ARM.Build.0 = Debug|Any CPU
		{55AB3625-FE2F-49D0-9E9A-374C95BDB98A}.Debug|ARM.Deploy.0 = Debug|Any CPU
		{55AB3625-FE2F-49D0-9E9A-374C95BDB98A}.Debug|iPhone.ActiveCfg = Debug|Any CPU
		{55AB3625-FE2F-49D0-9E9A-374C95BDB98A}.Debug|iPhone.Build.0 = Debug|Any CPU
		{55AB3625-FE2F-49D0-9E9A-374C95BDB98A}.Debug|iPhone.Deploy.0 = Debug|Any CPU
		{55AB3625-FE2F-49D0-9E9A-374C95BDB98A}.Debug|iPhoneSimulator.ActiveCfg = Debug|Any CPU
		{55AB3625-FE2F-49D0-9E9A-374C95BDB98A}.Debug|iPhoneSimulator.Build.0 = Debug|Any CPU
		{55AB3625-FE2F-49D0-9E9A-374C95BDB98A}.Debug|iPhoneSimulator.Deploy.0 = Debug|Any CPU
		{55AB3625-FE2F-49D0-9E9A-374C95BDB98A}.Debug|x64.ActiveCfg = Debug|Any CPU
		{55AB3625-FE2F-49D0-9E9A-374C95BDB98A}.Debug|x64.Build.0 = Debug|Any CPU
		{55AB3625-FE2F-49D0-9E9A-374C95BDB98A}.Debug|x64.Deploy.0 = Debug|Any CPU
		{55AB3625-FE2F-49D0-9E9A-374C95BDB98A}.Debug|x86.ActiveCfg = Debug|Any CPU
		{55AB3625-FE2F-49D0-9E9A-374C95BDB98A}.Debug|x86.Build.0 = Debug|Any CPU
		{55AB3625-FE2F-49D0-9E9A-374C95BDB98A}.Debug|x86.Deploy.0 = Debug|Any CPU
		{55AB3625-FE2F-49D0-9E9A-374C95BDB98A}.Release|Any CPU.ActiveCfg = Release|Any CPU
		{55AB3625-FE2F-49D0-9E9A-374C95BDB98A}.Release|Any CPU.Build.0 = Release|Any CPU
		{55AB3625-FE2F-49D0-9E9A-374C95BDB98A}.Release|Any CPU.Deploy.0 = Release|Any CPU
		{55AB3625-FE2F-49D0-9E9A-374C95BDB98A}.Release|ARM.ActiveCfg = Release|Any CPU
		{55AB3625-FE2F-49D0-9E9A-374C95BDB98A}.Release|ARM.Build.0 = Release|Any CPU
		{55AB3625-FE2F-49D0-9E9A-374C95BDB98A}.Release|ARM.Deploy.0 = Release|Any CPU
		{55AB3625-FE2F-49D0-9E9A-374C95BDB98A}.Release|iPhone.ActiveCfg = Release|Any CPU
		{55AB3625-FE2F-49D0-9E9A-374C95BDB98A}.Release|iPhone.Build.0 = Release|Any CPU
		{55AB3625-FE2F-49D0-9E9A-374C95BDB98A}.Release|iPhone.Deploy.0 = Release|Any CPU
		{55AB3625-FE2F-49D0-9E9A-374C95BDB98A}.Release|iPhoneSimulator.ActiveCfg = Release|Any CPU
		{55AB3625-FE2F-49D0-9E9A-374C95BDB98A}.Release|iPhoneSimulator.Build.0 = Release|Any CPU
		{55AB3625-FE2F-49D0-9E9A-374C95BDB98A}.Release|iPhoneSimulator.Deploy.0 = Release|Any CPU
		{55AB3625-FE2F-49D0-9E9A-374C95BDB98A}.Release|x64.ActiveCfg = Release|Any CPU
		{55AB3625-FE2F-49D0-9E9A-374C95BDB98A}.Release|x64.Build.0 = Release|Any CPU
		{55AB3625-FE2F-49D0-9E9A-374C95BDB98A}.Release|x64.Deploy.0 = Release|Any CPU
		{55AB3625-FE2F-49D0-9E9A-374C95BDB98A}.Release|x86.ActiveCfg = Release|Any CPU
		{55AB3625-FE2F-49D0-9E9A-374C95BDB98A}.Release|x86.Build.0 = Release|Any CPU
		{55AB3625-FE2F-49D0-9E9A-374C95BDB98A}.Release|x86.Deploy.0 = Release|Any CPU
		{715784C8-ED80-436F-8249-0B7FD020D8F5}.Debug|Any CPU.ActiveCfg = Debug|Any CPU
		{715784C8-ED80-436F-8249-0B7FD020D8F5}.Debug|Any CPU.Build.0 = Debug|Any CPU
		{715784C8-ED80-436F-8249-0B7FD020D8F5}.Debug|ARM.ActiveCfg = Debug|Any CPU
		{715784C8-ED80-436F-8249-0B7FD020D8F5}.Debug|ARM.Build.0 = Debug|Any CPU
		{715784C8-ED80-436F-8249-0B7FD020D8F5}.Debug|iPhone.ActiveCfg = Debug|Any CPU
		{715784C8-ED80-436F-8249-0B7FD020D8F5}.Debug|iPhone.Build.0 = Debug|Any CPU
		{715784C8-ED80-436F-8249-0B7FD020D8F5}.Debug|iPhoneSimulator.ActiveCfg = Debug|Any CPU
		{715784C8-ED80-436F-8249-0B7FD020D8F5}.Debug|iPhoneSimulator.Build.0 = Debug|Any CPU
		{715784C8-ED80-436F-8249-0B7FD020D8F5}.Debug|x64.ActiveCfg = Debug|Any CPU
		{715784C8-ED80-436F-8249-0B7FD020D8F5}.Debug|x64.Build.0 = Debug|Any CPU
		{715784C8-ED80-436F-8249-0B7FD020D8F5}.Debug|x86.ActiveCfg = Debug|Any CPU
		{715784C8-ED80-436F-8249-0B7FD020D8F5}.Debug|x86.Build.0 = Debug|Any CPU
		{715784C8-ED80-436F-8249-0B7FD020D8F5}.Release|Any CPU.ActiveCfg = Release|Any CPU
		{715784C8-ED80-436F-8249-0B7FD020D8F5}.Release|Any CPU.Build.0 = Release|Any CPU
		{715784C8-ED80-436F-8249-0B7FD020D8F5}.Release|ARM.ActiveCfg = Release|Any CPU
		{715784C8-ED80-436F-8249-0B7FD020D8F5}.Release|ARM.Build.0 = Release|Any CPU
		{715784C8-ED80-436F-8249-0B7FD020D8F5}.Release|iPhone.ActiveCfg = Release|Any CPU
		{715784C8-ED80-436F-8249-0B7FD020D8F5}.Release|iPhone.Build.0 = Release|Any CPU
		{715784C8-ED80-436F-8249-0B7FD020D8F5}.Release|iPhoneSimulator.ActiveCfg = Release|Any CPU
		{715784C8-ED80-436F-8249-0B7FD020D8F5}.Release|iPhoneSimulator.Build.0 = Release|Any CPU
		{715784C8-ED80-436F-8249-0B7FD020D8F5}.Release|x64.ActiveCfg = Release|Any CPU
		{715784C8-ED80-436F-8249-0B7FD020D8F5}.Release|x64.Build.0 = Release|Any CPU
		{715784C8-ED80-436F-8249-0B7FD020D8F5}.Release|x86.ActiveCfg = Release|Any CPU
		{715784C8-ED80-436F-8249-0B7FD020D8F5}.Release|x86.Build.0 = Release|Any CPU
	EndGlobalSection
	GlobalSection(SolutionProperties) = preSolution
		HideSolutionNode = FALSE
	EndGlobalSection
	GlobalSection(ExtensibilityGlobals) = postSolution
		SolutionGuid = {1B74B5B6-7C8A-46E2-A391-77E78E10B485}
	EndGlobalSection
EndGlobal
